
Microsoft Visual Studio Solution File, Format Version 12.00
# Visual Studio 2017
Project("{FAE04EC0-301F-11D3-BF4B-00C04F79EFBC}") = "gawadar", "gawadar.csproj", "{7ABBA1A4-4BAB-EEAC-7428-3CA080F16164}"
EndProject
Project("{FAE04EC0-301F-11D3-BF4B-00C04F79EFBC}") = "gawadar.Plugins", "gawadar.Plugins.csproj", "{CA209988-81DE-8BA3-7D3C-E80A77E711E3}"
EndProject
Global
	GlobalSection(SolutionConfigurationPlatforms) = preSolution
		Debug|Any CPU = Debug|Any CPU
		Release|Any CPU = Release|Any CPU
	EndGlobalSection
	GlobalSection(ProjectConfigurationPlatforms) = postSolution
		{7ABBA1A4-4BAB-EEAC-7428-3CA080F16164}.Debug|Any CPU.ActiveCfg = Debug|Any CPU
		{7ABBA1A4-4BAB-EEAC-7428-3CA080F16164}.Debug|Any CPU.Build.0 = Debug|Any CPU
		{7ABBA1A4-4BAB-EEAC-7428-3CA080F16164}.Release|Any CPU.ActiveCfg = Release|Any CPU
		{7ABBA1A4-4BAB-EEAC-7428-3CA080F16164}.Release|Any CPU.Build.0 = Release|Any CPU
		{CA209988-81DE-8BA3-7D3C-E80A77E711E3}.Debug|Any CPU.ActiveCfg = Debug|Any CPU
		{CA209988-81DE-8BA3-7D3C-E80A77E711E3}.Debug|Any CPU.Build.0 = Debug|Any CPU
		{CA209988-81DE-8BA3-7D3C-E80A77E711E3}.Release|Any CPU.ActiveCfg = Release|Any CPU
		{CA209988-81DE-8BA3-7D3C-E80A77E711E3}.Release|Any CPU.Build.0 = Release|Any CPU
	EndGlobalSection
	GlobalSection(SolutionProperties) = preSolution
		HideSolutionNode = FALSE
	EndGlobalSection
EndGlobal
